
Microsoft Visual Studio Solution File, Format Version 12.00
Project("{FAE04EC0-301F-11D3-BF4B-00C04F79EFBC}") = "AgendaRestApi", "AgendaRestApi\AgendaRestApi.csproj", "{F17AED79-5275-42AC-AD47-6A446B4C62A3}"
EndProject
Global
	GlobalSection(SolutionConfigurationPlatforms) = preSolution
		Debug|Any CPU = Debug|Any CPU
		Release|Any CPU = Release|Any CPU
	EndGlobalSection
	GlobalSection(ProjectConfigurationPlatforms) = postSolution
		{F17AED79-5275-42AC-AD47-6A446B4C62A3}.Debug|Any CPU.ActiveCfg = Debug|Any CPU
		{F17AED79-5275-42AC-AD47-6A446B4C62A3}.Debug|Any CPU.Build.0 = Debug|Any CPU
		{F17AED79-5275-42AC-AD47-6A446B4C62A3}.Release|Any CPU.ActiveCfg = Release|Any CPU
		{F17AED79-5275-42AC-AD47-6A446B4C62A3}.Release|Any CPU.Build.0 = Release|Any CPU
	EndGlobalSection
EndGlobal
